Microsoft Visual Studio Solution File, Format Version 11.00
# Visual Studio 2008

Project("{EC773381-5302-0565-911C-5C04B69B59C4}") = "GGJ_BlindJanitor", "Assembly-CSharp.csproj", "{81F8D315-625F-599B-593F-FD5E7066980B}"
EndProject
Project("{EC773381-5302-0565-911C-5C04B69B59C4}") = "GGJ_BlindJanitor", "Assembly-CSharp-Editor.csproj", "{BFD35F2A-A4F3-4EB1-DCF7-7ED052908E28}"
EndProject
Global
	GlobalSection(SolutionConfigurationPlatforms) = preSolution
		Debug|Any CPU = Debug|Any CPU
		Release|Any CPU = Release|Any CPU
	EndGlobalSection
	GlobalSection(ProjectConfigurationPlatforms) = postSolution
		{81F8D315-625F-599B-593F-FD5E7066980B}.Debug|Any CPU.ActiveCfg = Debug|Any CPU
		{81F8D315-625F-599B-593F-FD5E7066980B}.Debug|Any CPU.Build.0 = Debug|Any CPU
		{81F8D315-625F-599B-593F-FD5E7066980B}.Release|Any CPU.ActiveCfg = Release|Any CPU
		{81F8D315-625F-599B-593F-FD5E7066980B}.Release|Any CPU.Build.0 = Release|Any CPU
		{BFD35F2A-A4F3-4EB1-DCF7-7ED052908E28}.Debug|Any CPU.ActiveCfg = Debug|Any CPU
		{BFD35F2A-A4F3-4EB1-DCF7-7ED052908E28}.Debug|Any CPU.Build.0 = Debug|Any CPU
		{BFD35F2A-A4F3-4EB1-DCF7-7ED052908E28}.Release|Any CPU.ActiveCfg = Release|Any CPU
		{BFD35F2A-A4F3-4EB1-DCF7-7ED052908E28}.Release|Any CPU.Build.0 = Release|Any CPU
	EndGlobalSection
	GlobalSection(SolutionProperties) = preSolution
		HideSolutionNode = FALSE
	EndGlobalSection
	GlobalSection(MonoDevelopProperties) = preSolution
		StartupItem = Assembly-CSharp.csproj
	EndGlobalSection
EndGlobal
